{
  "nodes": {
    "crane": {
      "inputs": {
        "nixpkgs": [
          "nixpkgs"
        ]
      },
      "locked": {
        "lastModified": 1704819371,
        "narHash": "sha256-oFUfPWrWGQTZaCM3byxwYwrMLwshDxVGOrMH5cVP/X8=",
        "owner": "ipetkov",
        "repo": "crane",
        "rev": "5c234301a1277e4cc759c23a2a7a00a06ddd7111",
        "type": "github"
      },
      "original": {
        "owner": "ipetkov",
        "repo": "crane",
        "type": "github"
      }
    },
    "fenix": {
      "inputs": {
        "nixpkgs": [
          "nixpkgs"
        ],
        "rust-analyzer-src": "rust-analyzer-src"
      },
      "locked": {
        "lastModified": 1705472611,
        "narHash": "sha256-o9zxn4OPM6ltNmsiIK4Fl1k6aIF73x2wELGeCQYdO0k=",
        "owner": "nix-community",
        "repo": "fenix",
        "rev": "39ef99bcc06101639781bdb5dd69155b7033badd",
        "type": "github"
      },
      "original": {
        "owner": "nix-community",
        "repo": "fenix",
        "type": "github"
      }
    },
    "flake-utils": {
      "inputs": {
        "systems": "systems"
      },
      "locked": {
        "lastModified": 1705309234,
        "narHash": "sha256-uNRRNRKmJyCRC/8y1RqBkqWBLM034y4qN7EprSdmgyA=",
        "owner": "numtide",
        "repo": "flake-utils",
        "rev": "1ef2e671c3b0c19053962c07dbda38332dcebf26",
        "type": "github"
      },
      "original": {
        "owner": "numtide",
        "repo": "flake-utils",
        "type": "github"
      }
    },
    "nixpkgs": {
      "locked": {
        "lastModified": 1705543379,
        "narHash": "sha256-8wC0vVz/LTqJprbAAvE9P4L01Mi6DJHYwvuM0Uq57og=",
        "owner": "NixOS",
        "repo": "nixpkgs",
        "rev": "3d7dbcfb56a1cff0729280da3f1185044628975b",
        "type": "github"
      },
      "original": {
        "owner": "NixOS",
        "ref": "release-23.11",
        "repo": "nixpkgs",
        "type": "github"
      }
    },
    "root": {
      "inputs": {
        "crane": "crane",
        "fenix": "fenix",
        "flake-utils": "flake-utils",
        "nixpkgs": "nixpkgs"
      }
    },
    "rust-analyzer-src": {
      "flake": false,
      "locked": {
        "lastModified": 1705432736,
        "narHash": "sha256-uUS5B8ypVevvhjA/2smEOu5s8zK3MBJU5tH0Tze3Kok=",
        "owner": "rust-lang",
        "repo": "rust-analyzer",
        "rev": "03336460fcb25a86675aaff9694998f5910ff747",
        "type": "github"
      },
      "original": {
        "owner": "rust-lang",
        "ref": "nightly",
        "repo": "rust-analyzer",
        "type": "github"
      }
    },
    "systems": {
      "locked": {
        "lastModified": 1681028828,
        "narHash": "sha256-Vy1rq5AaRuLzOxct8nz4T6wlgyUR7zLU309k9mBC768=",
        "owner": "nix-systems",
        "repo": "default",
        "rev": "da67096a3b9bf56a91d16901293e51ba5b49a27e",
        "type": "github"
      },
      "original": {
        "owner": "nix-systems",
        "repo": "default",
        "type": "github"
      }
    }
  },
  "root": "root",
  "version": 7
}
